{
  "name": "BNB_2025_2",
  "lockfileVersion": 3,
  "requires": true,
  "packages": {
    "": {
      "dependencies": {
        "postman": "^0.2.0"
      }
    },
    "node_modules/postman": {
      "version": "0.2.0",
      "resolved": "https://registry.npmjs.org/postman/-/postman-0.2.0.tgz",
      "integrity": "sha512-TE9BLol6uq04hJXecymLbQK7POs0M+otJUuQ4T6L8aMdva0A0NVuFYzcmExZ07CdBTJhFUtTVsbYFrf9NOQ5qQ==",
      "engines": [
        "node"
      ]
    }
  }
}
